PODS:
  - JTTableViewController (2.1.4)

DEPENDENCIES:
  - JTTableViewController (from `..`)

EXTERNAL SOURCES:
  JTTableViewController:
    :path: ".."

SPEC CHECKSUMS:
  JTTableViewController: a59f53652ad68881f5ab31ec69d6d01b27db5615

PODFILE CHECKSUM: d1393c69b80fdf59d735ab405993c4e9e338446b

COCOAPODS: 1.5.3
