PODS:
  - JTTableViewController (2.0.11)

DEPENDENCIES:
  - JTTableViewController (from `..`)

EXTERNAL SOURCES:
  JTTableViewController:
    :path: ..

SPEC CHECKSUMS:
  JTTableViewController: 6fe0c45ceeb043195ce84c4c2575cdbcc25301d7

PODFILE CHECKSUM: d1393c69b80fdf59d735ab405993c4e9e338446b

COCOAPODS: 1.1.0.rc.2
